{
  "projects": [
    {
      "projectId": "9Vr5YWkf3w7jj6SsTcCEta",
      "version": "0.11.0",
      "dependencies": {},
      "lang": "js",
      "fileLocks": [
        {
          "assetId": "9Vr5YWkf3w7jj6SsTcCEta",
          "type": "projectCss",
          "checksum": "e1ec850476829c38b0f9b6d4f7ac446a"
        }
      ],
      "codegenVersion": "0.0.1"
    },
    {
      "projectId": "jkU633o1Cz7HrJdwdxhVHk",
      "version": "16.11.0",
      "dependencies": {},
      "lang": "js",
      "fileLocks": [
        {
          "assetId": "jkU633o1Cz7HrJdwdxhVHk",
          "type": "projectCss",
          "checksum": "0581d4378bb1604bb5fe3f65bb0a37de"
        }
      ],
      "codegenVersion": "0.0.1"
    },
    {
      "projectId": "ohDidvG9XsCeFumugENU3J",
      "version": "6.26.0",
      "dependencies": {},
      "lang": "js",
      "fileLocks": [
        {
          "assetId": "ohDidvG9XsCeFumugENU3J",
          "type": "projectCss",
          "checksum": "fd83b730367fdbde2c69bc6cf31c2a3c"
        },
        {
          "assetId": "ohDidvG9XsCeFumugENU3J",
          "checksum": "de0a0e65174a6a185a8f822af51c6bdd",
          "type": "globalContexts"
        }
      ],
      "codegenVersion": "0.0.1"
    },
    {
      "projectId": "8hJWALBkKUeeBQwPGDeQHS",
      "version": "latest",
      "dependencies": {
        "ohDidvG9XsCeFumugENU3J": "6.26.0",
        "jkU633o1Cz7HrJdwdxhVHk": "16.11.0",
        "9Vr5YWkf3w7jj6SsTcCEta": "0.11.0",
        "84wxoth5npGrp6RRXPL88z": "4.28.0"
      },
      "lang": "js",
      "fileLocks": [
        {
          "type": "globalVariant",
          "assetId": "o8REEXvTrpRu",
          "checksum": "4853695b13a91b3d199cbbee107529a5"
        },
        {
          "assetId": "8hJWALBkKUeeBQwPGDeQHS",
          "checksum": "e1532ff06ac1bcdf745c401a9c8a2627",
          "type": "globalContexts"
        },
        {
          "type": "renderModule",
          "assetId": "q85bUZ7uEhyH",
          "checksum": "b0d47162420e1d25afbe77968ffa5ff6"
        },
        {
          "type": "cssRules",
          "assetId": "q85bUZ7uEhyH",
          "checksum": "b0d47162420e1d25afbe77968ffa5ff6"
        },
        {
          "type": "renderModule",
          "assetId": "Gg20TNQjnwiE",
          "checksum": "298b857cc18d18fc05fdf20664c3441d"
        },
        {
          "type": "cssRules",
          "assetId": "Gg20TNQjnwiE",
          "checksum": "298b857cc18d18fc05fdf20664c3441d"
        },
        {
          "type": "renderModule",
          "assetId": "OFOxy67RyMdT",
          "checksum": "4e0a0bdc805433045f0d26364e0fc600"
        },
        {
          "type": "cssRules",
          "assetId": "OFOxy67RyMdT",
          "checksum": "4e0a0bdc805433045f0d26364e0fc600"
        },
        {
          "type": "icon",
          "assetId": "xz7rbfTa4-W4",
          "checksum": "5e953ae7aeb2aa3f90f29b7b525f1882"
        },
        {
          "type": "icon",
          "assetId": "o8451l6SF050",
          "checksum": "670b60787b58e34552423b401a273d0e"
        },
        {
          "type": "icon",
          "assetId": "CWXe1ywOBmQJ",
          "checksum": "eb8695a61bac2a3cae12f5ab9f755ed1"
        },
        {
          "type": "icon",
          "assetId": "LvBixuLJ8d5o",
          "checksum": "29107bf656fe3ab79ee66f6261c2ceb7"
        },
        {
          "type": "icon",
          "assetId": "UEYjHwO6Y9Mk",
          "checksum": "69841f1e6f2b9609ab15ae6cfbefa874"
        },
        {
          "type": "icon",
          "assetId": "HTOOEs3MCSuB",
          "checksum": "1ce2894de998701600492987f7bd7ea8"
        },
        {
          "type": "icon",
          "assetId": "h4CdY3HItaug",
          "checksum": "8b3a737c70ff0a2e6eefe4360887e229"
        },
        {
          "type": "icon",
          "assetId": "uTYttWNaEUUI",
          "checksum": "d524b7a4a428cbcd1e7160846653684a"
        },
        {
          "type": "icon",
          "assetId": "J0B87WZBRhbs",
          "checksum": "f6b47befc0b8564a1053a3d24c88697d"
        },
        {
          "type": "icon",
          "assetId": "lruOCJHd5GHh",
          "checksum": "a2123c9ec496c6208abc8b890aa7feba"
        },
        {
          "type": "image",
          "assetId": "aoMUVyMVnbkT",
          "checksum": "320095a25dc05bdcc699d40ace566c16"
        },
        {
          "type": "image",
          "assetId": "CrfU7u6VXaDN",
          "checksum": "6057ffa311e6a951a707bf571bb2362a"
        },
        {
          "type": "image",
          "assetId": "yaUXve_k0wWF",
          "checksum": "9f489609662fbf85891d790d5c04463d"
        },
        {
          "type": "image",
          "assetId": "1nq0aaRZFl-L",
          "checksum": "808ba3342c31f78150af07a9ded1219a"
        },
        {
          "type": "image",
          "assetId": "ChZz2zI7IrSJ",
          "checksum": "4304433d1bf8a25f701cd008da6f8d87"
        },
        {
          "type": "image",
          "assetId": "DtXZoSdgy4iq",
          "checksum": "f8e69e12a138554235063cdef2896ee2"
        },
        {
          "type": "image",
          "assetId": "0s8eLaRh2rHd",
          "checksum": "9e57f4a7a7a3cc8f904fa0c485e860f6"
        },
        {
          "type": "image",
          "assetId": "Ww-GRMNH8Y_S",
          "checksum": "c830784851819a2c63ab270b74a67cd1"
        },
        {
          "type": "image",
          "assetId": "_TqfoWSxQCGs",
          "checksum": "7cdc034abb2d8e1cacdd33ac41e1352d"
        },
        {
          "type": "image",
          "assetId": "m-tcGgEpViCi",
          "checksum": "0d88692d8b7ec2744d16d668beedd225"
        },
        {
          "type": "image",
          "assetId": "mW1JukGSS-zH",
          "checksum": "7c456ef8720c50b0757d31aa57e76589"
        },
        {
          "type": "image",
          "assetId": "ARYFPJF4F29L",
          "checksum": "1df7b2de827aa180c353a5cce73402b3"
        },
        {
          "type": "image",
          "assetId": "JImdpulIJBY9",
          "checksum": "d7ec7657a6746e42c39cbf90ee310236"
        },
        {
          "type": "image",
          "assetId": "OeXdDZX3GpB3",
          "checksum": "8317a72b8827c2d918afaa1fc8b550de"
        },
        {
          "type": "image",
          "assetId": "ubn4JgsEOLMC",
          "checksum": "bc154917a4c9edc128d8019e98b69f06"
        },
        {
          "type": "image",
          "assetId": "qVT6I_-6hMQI",
          "checksum": "3af21534098bedd763fa8a5012df27a7"
        },
        {
          "type": "image",
          "assetId": "D7ebESmGafm6",
          "checksum": "0e2939e0b452cd9b6af3474566982dcd"
        },
        {
          "type": "image",
          "assetId": "aQJJa2SzGbV_",
          "checksum": "722f36f4d7b6c07d1f943ea281cc4155"
        },
        {
          "type": "renderModule",
          "assetId": "4PlyQBFLEP3G",
          "checksum": "5e659c99f6f21ad3e25ec86849618f70"
        },
        {
          "type": "cssRules",
          "assetId": "4PlyQBFLEP3G",
          "checksum": "5e659c99f6f21ad3e25ec86849618f70"
        },
        {
          "type": "renderModule",
          "assetId": "TxOdf3qth2Mk",
          "checksum": "240667b83d56d61e4bdcb6357fca4e29"
        },
        {
          "type": "cssRules",
          "assetId": "TxOdf3qth2Mk",
          "checksum": "240667b83d56d61e4bdcb6357fca4e29"
        },
        {
          "type": "icon",
          "assetId": "JV5uh1bBcUZ3",
          "checksum": "385b524561d7af517d481f566e8415d8"
        },
        {
          "type": "image",
          "assetId": "BQHDtf1MTdnZ",
          "checksum": "8296ebeb23c0c52e115255f1fddc9bf6"
        },
        {
          "type": "image",
          "assetId": "mK3RPT4qE5h9",
          "checksum": "981b975bb7e9d23b8b5d4e66982ae075"
        },
        {
          "type": "image",
          "assetId": "5gWzmuPBN5zn",
          "checksum": "094012a38d7a7c1e413c200a21af0d91"
        },
        {
          "type": "image",
          "assetId": "7-ZCJ-yxv56K",
          "checksum": "ec9c10ca5f7521cef5eb25ae2219aa54"
        },
        {
          "type": "image",
          "assetId": "5dTGNdAT9iR3",
          "checksum": "7651d4e2b5a997b3b9ea6b7740ef2bb3"
        },
        {
          "type": "image",
          "assetId": "jcz1gEtj5tfh",
          "checksum": "c02972bed056759a3afd4b2d64f8cd47"
        },
        {
          "type": "image",
          "assetId": "FPD7r4KdgK-g",
          "checksum": "7427a74306a78b417c7aa41e455841a1"
        },
        {
          "type": "image",
          "assetId": "-UA4OXHGIT6V",
          "checksum": "8883544dcee13ad1971d10f83e16df61"
        },
        {
          "type": "image",
          "assetId": "hviXLtCzVd00",
          "checksum": "cae4e8ebb936d5cc0ec979521a3451ac"
        },
        {
          "type": "image",
          "assetId": "pvnV1hLTtLQ-",
          "checksum": "950dde9e94f94090c83d4f9228d36707"
        },
        {
          "type": "image",
          "assetId": "Z0xRfKyTLdH8",
          "checksum": "c1d685f954665485aff9b09062913d0b"
        },
        {
          "type": "image",
          "assetId": "L0q0XdR9FyeW",
          "checksum": "31595ee2e14f855b62705b17d4576e4d"
        },
        {
          "type": "image",
          "assetId": "CFn3vjf7v4n4",
          "checksum": "9f22cce859a178db5daf6e21d5ccc41c"
        },
        {
          "type": "image",
          "assetId": "qwuOoL9-G8d-",
          "checksum": "9ee48a237aa41db0b9ad355b2fdcb447"
        },
        {
          "type": "image",
          "assetId": "ggbqcx-qLNvG",
          "checksum": "5de813d7ba3a1e3fefeb829005e698e1"
        },
        {
          "type": "image",
          "assetId": "nE_Rv046qDvn",
          "checksum": "d0f3fdee89dda0e452787c0d158f6eab"
        },
        {
          "type": "image",
          "assetId": "QRIWSC807sEq",
          "checksum": "18d8397d81f31e22972e5ef66ef09adb"
        },
        {
          "type": "image",
          "assetId": "QeY-K023wXDY",
          "checksum": "8ba35d0ff0f93787fbf93b16c4dcec69"
        },
        {
          "type": "image",
          "assetId": "KSssEEF4fJGu",
          "checksum": "498cbcd61bafd57887493ec816755926"
        },
        {
          "type": "image",
          "assetId": "UlwMZXrAGFRR",
          "checksum": "b0e35e91b946339eb6d0b24573b8c7be"
        },
        {
          "type": "image",
          "assetId": "a_lVhHLT2INl",
          "checksum": "cbb606777a16ccf211e630be89e4985b"
        },
        {
          "type": "image",
          "assetId": "Y24WbPANkgjJ",
          "checksum": "421bfd9b23c0b5f69e7ad3608728b8b4"
        },
        {
          "type": "image",
          "assetId": "XHIKbSq0G2Hg",
          "checksum": "4043953a428c51e980f87b411e3877a0"
        },
        {
          "type": "image",
          "assetId": "uCo-pXF4qg35",
          "checksum": "0fb13882e32180740c8a885225d1bf4f"
        },
        {
          "type": "image",
          "assetId": "_ELUiRsi9_Yd",
          "checksum": "2655f188c8cbeadded197fe6922bfd56"
        },
        {
          "type": "image",
          "assetId": "FJXkXol8xRjY",
          "checksum": "0ba58cd2316bfae0f03dc96ccc9feebb"
        },
        {
          "type": "image",
          "assetId": "rR-0wsGAyisC",
          "checksum": "c0e6601d9ea8aa4d8f50f0460570d14a"
        },
        {
          "type": "image",
          "assetId": "ilBFMEmqxXhp",
          "checksum": "fdd0bfbe4610a79a0d68763779cfa9e3"
        },
        {
          "type": "image",
          "assetId": "_I63lCn_dCrn",
          "checksum": "ae4c12b0f6e0b2f1fba9c6952fa3ceaa"
        },
        {
          "type": "image",
          "assetId": "u2wUf61qnYJK",
          "checksum": "4514fb28a3f7771e742d9f149f0f3da5"
        },
        {
          "type": "image",
          "assetId": "S7IndjENkVBS",
          "checksum": "fd2f27a778482c8d2c257acaf880c2c9"
        },
        {
          "type": "image",
          "assetId": "mYaD7wqzdEZ3",
          "checksum": "7f3b3de0c70d857b04a7a7ee70446dc4"
        },
        {
          "type": "image",
          "assetId": "WTU2HoTX3WPS",
          "checksum": "8fc1f121ae39728aca98eb1bda5e53d8"
        },
        {
          "type": "image",
          "assetId": "5k4u7twANlTI",
          "checksum": "f74b64618608105928fd8497893ca280"
        },
        {
          "type": "image",
          "assetId": "fEuu1GhKIOP2",
          "checksum": "7a7b7364da290fadcfb8fd035798de5e"
        },
        {
          "type": "image",
          "assetId": "EHWPWdO4oFww",
          "checksum": "51a8dd5a93b50ea13100df317962cd53"
        },
        {
          "type": "image",
          "assetId": "eijnwG50-BDY",
          "checksum": "61c47c07fb8f2cb50490e925105bf31e"
        },
        {
          "assetId": "8hJWALBkKUeeBQwPGDeQHS",
          "type": "projectCss",
          "checksum": "bdb5bc6205cbf53b85d6194e157a6f61"
        }
      ],
      "codegenVersion": "0.0.1"
    },
    {
      "projectId": "84wxoth5npGrp6RRXPL88z",
      "version": "4.28.0",
      "dependencies": {},
      "lang": "js",
      "fileLocks": [
        {
          "assetId": "84wxoth5npGrp6RRXPL88z",
          "type": "projectCss",
          "checksum": "d951314833b1846f4b7c384128792976"
        },
        {
          "assetId": "84wxoth5npGrp6RRXPL88z",
          "checksum": "14e34fc8ee04382a88f671116234a1e3",
          "type": "globalContexts"
        }
      ],
      "codegenVersion": "0.0.1"
    }
  ],
  "cliVersion": "0.1.331"
}
